{
  "name": "barletti",
  "version": "1.0.0",
  "lockfileVersion": 1,
  "requires": true,
  "dependencies": {
    "bulma": {
      "version": "0.6.2",
      "resolved": "https://registry.npmjs.org/bulma/-/bulma-0.6.2.tgz",
      "integrity": "sha1-9LHRHVrMUaeWROsKKwsQZJ09cfU="
    },
    "jquery": {
      "version": "3.3.1",
      "resolved": "https://registry.npmjs.org/jquery/-/jquery-3.3.1.tgz",
      "integrity": "sha512-Ubldcmxp5np52/ENotGxlLe6aGMvmF4R8S6tZjsP6Knsaxd/xp3Zrh50cG93lR6nPXyUFwzN3ZSOQI0wRJNdGg=="
    },
    "sass-rem": {
      "version": "2.0.1",
      "resolved": "https://registry.npmjs.org/sass-rem/-/sass-rem-2.0.1.tgz",
      "integrity": "sha512-Fuf7i1Wr7n1lIdCiImhCJ1/S0jEYq1OmrlqyKuJKSU2B2kHbU09HJIo5AuADvbf3DJLlRxU7b8Jm8D6m5lfqmA=="
    }
  }
}
